
Microsoft Visual Studio Solution File, Format Version 12.00
# Visual Studio Version 16
VisualStudioVersion = 16.0.29709.97
MinimumVisualStudioVersion = 10.0.40219.1
Project("{FAE04EC0-301F-11D3-BF4B-00C04F79EFBC}") = "umbracoDoodle.Web", "umbracoDoodle.Web.csproj", "{DE13E177-F736-4C76-97B2-D941C3D3B53C}"
EndProject
Global
	GlobalSection(SolutionConfigurationPlatforms) = preSolution
		Debug|Any CPU = Debug|Any CPU
		Release|Any CPU = Release|Any CPU
	EndGlobalSection
	GlobalSection(ProjectConfigurationPlatforms) = postSolution
		{DE13E177-F736-4C76-97B2-D941C3D3B53C}.Debug|Any CPU.ActiveCfg = Debug|Any CPU
		{DE13E177-F736-4C76-97B2-D941C3D3B53C}.Debug|Any CPU.Build.0 = Debug|Any CPU
		{DE13E177-F736-4C76-97B2-D941C3D3B53C}.Release|Any CPU.ActiveCfg = Release|Any CPU
		{DE13E177-F736-4C76-97B2-D941C3D3B53C}.Release|Any CPU.Build.0 = Release|Any CPU
	EndGlobalSection
	GlobalSection(SolutionProperties) = preSolution
		HideSolutionNode = FALSE
	EndGlobalSection
	GlobalSection(ExtensibilityGlobals) = postSolution
		SolutionGuid = {235A7439-8FAB-4F4F-9860-EA77CC22EA1E}
	EndGlobalSection
EndGlobal
